Microsoft Visual Studio Solution File, Format Version 9.00
# Visual Studio 2005
Project("{FAE04EC0-301F-11D3-BF4B-00C04F79EFBC}") = "StaffDrawer", "StaffDrawer.csproj", "{5FD4D97B-1076-41B3-BC8E-179C2983325D}"
EndProject
Global
	GlobalSection(SolutionConfigurationPlatforms) = preSolution
		Debug|Any CPU = Debug|Any CPU
		Release|Any CPU = Release|Any CPU
	EndGlobalSection
	GlobalSection(ProjectConfigurationPlatforms) = postSolution
		{5FD4D97B-1076-41B3-BC8E-179C2983325D}.Debug|Any CPU.ActiveCfg = Debug|Any CPU
		{5FD4D97B-1076-41B3-BC8E-179C2983325D}.Debug|Any CPU.Build.0 = Debug|Any CPU
		{5FD4D97B-1076-41B3-BC8E-179C2983325D}.Release|Any CPU.ActiveCfg = Release|Any CPU
		{5FD4D97B-1076-41B3-BC8E-179C2983325D}.Release|Any CPU.Build.0 = Release|Any CPU
	EndGlobalSection
	GlobalSection(SolutionProperties) = preSolution
		HideSolutionNode = FALSE
	EndGlobalSection
EndGlobal
